
Microsoft Visual Studio Solution File, Format Version 12.00
# Visual Studio Version 17
VisualStudioVersion = 17.4.33110.190
MinimumVisualStudioVersion = 10.0.40219.1
Project("{FAE04EC0-301F-11D3-BF4B-00C04F79EFBC}") = "Calculator_app", "Calculator_app\Calculator_app.csproj", "{F54E506B-7A47-4839-8F18-17B2BB88D44F}"
EndProject
Global
	GlobalSection(SolutionConfigurationPlatforms) = preSolution
		Debug|Any CPU = Debug|Any CPU
		Release|Any CPU = Release|Any CPU
	EndGlobalSection
	GlobalSection(ProjectConfigurationPlatforms) = postSolution
		{F54E506B-7A47-4839-8F18-17B2BB88D44F}.Debug|Any CPU.ActiveCfg = Debug|Any CPU
		{F54E506B-7A47-4839-8F18-17B2BB88D44F}.Debug|Any CPU.Build.0 = Debug|Any CPU
		{F54E506B-7A47-4839-8F18-17B2BB88D44F}.Release|Any CPU.ActiveCfg = Release|Any CPU
		{F54E506B-7A47-4839-8F18-17B2BB88D44F}.Release|Any CPU.Build.0 = Release|Any CPU
	EndGlobalSection
	GlobalSection(SolutionProperties) = preSolution
		HideSolutionNode = FALSE
	EndGlobalSection
	GlobalSection(ExtensibilityGlobals) = postSolution
		SolutionGuid = {89010ADC-8225-42A8-94D2-CBDEF3B2925E}
	EndGlobalSection
EndGlobal
